
Microsoft Visual Studio Solution File, Format Version 12.00
# Visual Studio Version 16
VisualStudioVersion = 16.0.31515.178
MinimumVisualStudioVersion = 10.0.40219.1
Project("{9A19103F-16F7-4668-BE54-9A1E7A4F7556}") = "KampIntro", "KampIntro\KampIntro.csproj", "{F5C9BA1F-9406-4D46-9A0C-5BDCF2DF9829}"
EndProject
Project("{9A19103F-16F7-4668-BE54-9A1E7A4F7556}") = "Donguler", "Donguler\Donguler.csproj", "{FB079BCD-5A66-416F-9FF3-0D277A6536E8}"
EndProject
Project("{9A19103F-16F7-4668-BE54-9A1E7A4F7556}") = "ClassIntro", "ClassIntro\ClassIntro.csproj", "{409186D4-8469-4A18-97FD-841E042012D3}"
EndProject
Project("{9A19103F-16F7-4668-BE54-9A1E7A4F7556}") = "TernaryOperator", "TernaryOperator\TernaryOperator.csproj", "{7E106892-D109-4DA7-9E33-EA4BB756BC2D}"
EndProject
Project("{9A19103F-16F7-4668-BE54-9A1E7A4F7556}") = "IkinciDersOdev", "IkinciDersOdev\IkinciDersOdev.csproj", "{6C1A8FED-FE8F-4BC1-8D12-A858D4290117}"
EndProject
Project("{9A19103F-16F7-4668-BE54-9A1E7A4F7556}") = "MetotlarDers3", "MetotlarDers3\MetotlarDers3.csproj", "{2A334CEF-EACF-4014-8B5C-795581EC4504}"
EndProject
Project("{9A19103F-16F7-4668-BE54-9A1E7A4F7556}") = "Matematik", "Matematik\Matematik.csproj", "{16B02542-48D3-4407-96EE-2FAFF95CBBB4}"
EndProject
Project("{9A19103F-16F7-4668-BE54-9A1E7A4F7556}") = "DegerVeReferansTipler", "DegerVeReferansTipler\DegerVeReferansTipler.csproj", "{CE5831E6-5242-4E13-B7EC-D4A1C1C17D53}"
EndProject
Project("{FAE04EC0-301F-11D3-BF4B-00C04F79EFBC}") = "OOP1", "OOP1\OOP1.csproj", "{17435C33-F8F9-468D-ABAF-404705D29644}"
EndProject
Project("{FAE04EC0-301F-11D3-BF4B-00C04F79EFBC}") = "Koleksiyonlar", "Koleksiyonlar\Koleksiyonlar.csproj", "{66D2E6B8-60CB-4BC1-9BFA-94F05C50D58A}"
EndProject
Project("{FAE04EC0-301F-11D3-BF4B-00C04F79EFBC}") = "GenericsIntro", "GenericsIntro\GenericsIntro.csproj", "{0790D5A2-5978-41D7-881F-196341597B73}"
EndProject
Global
	GlobalSection(SolutionConfigurationPlatforms) = preSolution
		Debug|Any CPU = Debug|Any CPU
		Release|Any CPU = Release|Any CPU
	EndGlobalSection
	GlobalSection(ProjectConfigurationPlatforms) = postSolution
		{F5C9BA1F-9406-4D46-9A0C-5BDCF2DF9829}.Debug|Any CPU.ActiveCfg = Debug|Any CPU
		{F5C9BA1F-9406-4D46-9A0C-5BDCF2DF9829}.Debug|Any CPU.Build.0 = Debug|Any CPU
		{F5C9BA1F-9406-4D46-9A0C-5BDCF2DF9829}.Release|Any CPU.ActiveCfg = Release|Any CPU
		{F5C9BA1F-9406-4D46-9A0C-5BDCF2DF9829}.Release|Any CPU.Build.0 = Release|Any CPU
		{FB079BCD-5A66-416F-9FF3-0D277A6536E8}.Debug|Any CPU.ActiveCfg = Debug|Any CPU
		{FB079BCD-5A66-416F-9FF3-0D277A6536E8}.Debug|Any CPU.Build.0 = Debug|Any CPU
		{FB079BCD-5A66-416F-9FF3-0D277A6536E8}.Release|Any CPU.ActiveCfg = Release|Any CPU
		{FB079BCD-5A66-416F-9FF3-0D277A6536E8}.Release|Any CPU.Build.0 = Release|Any CPU
		{409186D4-8469-4A18-97FD-841E042012D3}.Debug|Any CPU.ActiveCfg = Debug|Any CPU
		{409186D4-8469-4A18-97FD-841E042012D3}.Debug|Any CPU.Build.0 = Debug|Any CPU
		{409186D4-8469-4A18-97FD-841E042012D3}.Release|Any CPU.ActiveCfg = Release|Any CPU
		{409186D4-8469-4A18-97FD-841E042012D3}.Release|Any CPU.Build.0 = Release|Any CPU
		{7E106892-D109-4DA7-9E33-EA4BB756BC2D}.Debug|Any CPU.ActiveCfg = Debug|Any CPU
		{7E106892-D109-4DA7-9E33-EA4BB756BC2D}.Debug|Any CPU.Build.0 = Debug|Any CPU
		{7E106892-D109-4DA7-9E33-EA4BB756BC2D}.Release|Any CPU.ActiveCfg = Release|Any CPU
		{7E106892-D109-4DA7-9E33-EA4BB756BC2D}.Release|Any CPU.Build.0 = Release|Any CPU
		{6C1A8FED-FE8F-4BC1-8D12-A858D4290117}.Debug|Any CPU.ActiveCfg = Debug|Any CPU
		{6C1A8FED-FE8F-4BC1-8D12-A858D4290117}.Debug|Any CPU.Build.0 = Debug|Any CPU
		{6C1A8FED-FE8F-4BC1-8D12-A858D4290117}.Release|Any CPU.ActiveCfg = Release|Any CPU
		{6C1A8FED-FE8F-4BC1-8D12-A858D4290117}.Release|Any CPU.Build.0 = Release|Any CPU
		{2A334CEF-EACF-4014-8B5C-795581EC4504}.Debug|Any CPU.ActiveCfg = Debug|Any CPU
		{2A334CEF-EACF-4014-8B5C-795581EC4504}.Debug|Any CPU.Build.0 = Debug|Any CPU
		{2A334CEF-EACF-4014-8B5C-795581EC4504}.Release|Any CPU.ActiveCfg = Release|Any CPU
		{2A334CEF-EACF-4014-8B5C-795581EC4504}.Release|Any CPU.Build.0 = Release|Any CPU
		{16B02542-48D3-4407-96EE-2FAFF95CBBB4}.Debug|Any CPU.ActiveCfg = Debug|Any CPU
		{16B02542-48D3-4407-96EE-2FAFF95CBBB4}.Debug|Any CPU.Build.0 = Debug|Any CPU
		{16B02542-48D3-4407-96EE-2FAFF95CBBB4}.Release|Any CPU.ActiveCfg = Release|Any CPU
		{16B02542-48D3-4407-96EE-2FAFF95CBBB4}.Release|Any CPU.Build.0 = Release|Any CPU
		{CE5831E6-5242-4E13-B7EC-D4A1C1C17D53}.Debug|Any CPU.ActiveCfg = Debug|Any CPU
		{CE5831E6-5242-4E13-B7EC-D4A1C1C17D53}.Debug|Any CPU.Build.0 = Debug|Any CPU
		{CE5831E6-5242-4E13-B7EC-D4A1C1C17D53}.Release|Any CPU.ActiveCfg = Release|Any CPU
		{CE5831E6-5242-4E13-B7EC-D4A1C1C17D53}.Release|Any CPU.Build.0 = Release|Any CPU
		{17435C33-F8F9-468D-ABAF-404705D29644}.Debug|Any CPU.ActiveCfg = Debug|Any CPU
		{17435C33-F8F9-468D-ABAF-404705D29644}.Debug|Any CPU.Build.0 = Debug|Any CPU
		{17435C33-F8F9-468D-ABAF-404705D29644}.Release|Any CPU.ActiveCfg = Release|Any CPU
		{17435C33-F8F9-468D-ABAF-404705D29644}.Release|Any CPU.Build.0 = Release|Any CPU
		{66D2E6B8-60CB-4BC1-9BFA-94F05C50D58A}.Debug|Any CPU.ActiveCfg = Debug|Any CPU
		{66D2E6B8-60CB-4BC1-9BFA-94F05C50D58A}.Debug|Any CPU.Build.0 = Debug|Any CPU
		{66D2E6B8-60CB-4BC1-9BFA-94F05C50D58A}.Release|Any CPU.ActiveCfg = Release|Any CPU
		{66D2E6B8-60CB-4BC1-9BFA-94F05C50D58A}.Release|Any CPU.Build.0 = Release|Any CPU
		{0790D5A2-5978-41D7-881F-196341597B73}.Debug|Any CPU.ActiveCfg = Debug|Any CPU
		{0790D5A2-5978-41D7-881F-196341597B73}.Debug|Any CPU.Build.0 = Debug|Any CPU
		{0790D5A2-5978-41D7-881F-196341597B73}.Release|Any CPU.ActiveCfg = Release|Any CPU
		{0790D5A2-5978-41D7-881F-196341597B73}.Release|Any CPU.Build.0 = Release|Any CPU
	EndGlobalSection
	GlobalSection(SolutionProperties) = preSolution
		HideSolutionNode = FALSE
	EndGlobalSection
	GlobalSection(ExtensibilityGlobals) = postSolution
		SolutionGuid = {34062C71-2240-4F7A-B5CC-460A7551D7D8}
	EndGlobalSection
EndGlobal
